// !$*UTF8*$!
{
	archiveVersion = 1;
	classes = {
	};
	objectVersion = 56;
	objects = {

/* Begin PBXBuildFile section */
		2C83A28FD96A4198C3A3FBEA /* Pods_ContactAppTests.framework in Frameworks */ = {isa = PBXBuildFile; fileRef = E23401CD0A7AB5CDB33313B4 /* Pods_ContactAppTests.framework */; };
		3C4B0D22694A531E7726A03E /* Pods_ContactApp.framework in Frameworks */ = {isa = PBXBuildFile; fileRef = 9B5034F211700DBF77723682 /* Pods_ContactApp.framework */; };
		BA133ED5292BCAFF00F54F05 /* AppDelegate.swift in Sources */ = {isa = PBXBuildFile; fileRef = BA133ED4292BCAFF00F54F05 /* AppDelegate.swift */; };
		BA133ED7292BCB0000F54F05 /* SceneDelegate.swift in Sources */ = {isa = PBXBuildFile; fileRef = BA133ED6292BCB0000F54F05 /* SceneDelegate.swift */; };
		BA133ED9292BCB0000F54F05 /* ContactListViewController.swift in Sources */ = {isa = PBXBuildFile; fileRef = BA133ED8292BCB0000F54F05 /* ContactListViewController.swift */; };
		BA133EDE292BCB0500F54F05 /* Assets.xcassets in Resources */ = {isa = PBXBuildFile; fileRef = BA133EDD292BCB0500F54F05 /* Assets.xcassets */; };
		BA133EE1292BCB0500F54F05 /* LaunchScreen.storyboard in Resources */ = {isa = PBXBuildFile; fileRef = BA133EDF292BCB0500F54F05 /* LaunchScreen.storyboard */; };
		BA133EEC292BCB0600F54F05 /* ContactAppTests.swift in Sources */ = {isa = PBXBuildFile; fileRef = BA133EEB292BCB0600F54F05 /* ContactAppTests.swift */; };
		BA133EF6292BCB0600F54F05 /* ContactAppUITests.swift in Sources */ = {isa = PBXBuildFile; fileRef = BA133EF5292BCB0600F54F05 /* ContactAppUITests.swift */; };
		BA133EF8292BCB0600F54F05 /* ContactAppUITestsLaunchTests.swift in Sources */ = {isa = PBXBuildFile; fileRef = BA133EF7292BCB0600F54F05 /* ContactAppUITestsLaunchTests.swift */; };
		BA133F05292BCD5F00F54F05 /* TestData.swift in Sources */ = {isa = PBXBuildFile; fileRef = BA133F04292BCD5F00F54F05 /* TestData.swift */; };
		BA133F06292BCD5F00F54F05 /* TestData.swift in Sources */ = {isa = PBXBuildFile; fileRef = BA133F04292BCD5F00F54F05 /* TestData.swift */; };
		BA133F0A292BD62900F54F05 /* Contact.swift in Sources */ = {isa = PBXBuildFile; fileRef = BA133F09292BD62800F54F05 /* Contact.swift */; };
		BA133F0B292BD62900F54F05 /* Contact.swift in Sources */ = {isa = PBXBuildFile; fileRef = BA133F09292BD62800F54F05 /* Contact.swift */; };
		BA133F0D292C3F1B00F54F05 /* DatabaseService.swift in Sources */ = {isa = PBXBuildFile; fileRef = BA133F0C292C3F1B00F54F05 /* DatabaseService.swift */; };
		BA133F0E292C3F1C00F54F05 /* DatabaseService.swift in Sources */ = {isa = PBXBuildFile; fileRef = BA133F0C292C3F1B00F54F05 /* DatabaseService.swift */; };
		BA133F10292C413D00F54F05 /* ContactListViewModel.swift in Sources */ = {isa = PBXBuildFile; fileRef = BA133F0F292C413D00F54F05 /* ContactListViewModel.swift */; };
		BA133F11292C413D00F54F05 /* ContactListViewModel.swift in Sources */ = {isa = PBXBuildFile; fileRef = BA133F0F292C413D00F54F05 /* ContactListViewModel.swift */; };
		D5FBF004752E7E9EC4A9F531 /* Pods_ContactApp_ContactAppUITests.framework in Frameworks */ = {isa = PBXBuildFile; fileRef = FD39F06FCA681CF6458081CD /* Pods_ContactApp_ContactAppUITests.framework */; };
/* End PBXBuildFile section */

/* Begin PBXContainerItemProxy section */
		BA133EE8292BCB0600F54F05 /* PBXContainerItemProxy */ = {
			isa = PBXContainerItemProxy;
			containerPortal = BA133EC9292BCAFF00F54F05 /* Project object */;
			proxyType = 1;
			remoteGlobalIDString = BA133ED0292BCAFF00F54F05;
			remoteInfo = ContactApp;
		};
		BA133EF2292BCB0600F54F05 /* PBXContainerItemProxy */ = {
			isa = PBXContainerItemProxy;
			containerPortal = BA133EC9292BCAFF00F54F05 /* Project object */;
			proxyType = 1;
			remoteGlobalIDString = BA133ED0292BCAFF00F54F05;
			remoteInfo = ContactApp;
		};
/* End PBXContainerItemProxy section */

/* Begin PBXFileReference section */
		13AA8E9A5FDDE1A65208A9F5 /* Pods-ContactApp.debug.xcconfig */ = {isa = PBXFileReference; includeInIndex = 1; lastKnownFileType = text.xcconfig; name = "Pods-ContactApp.debug.xcconfig"; path = "Target Support Files/Pods-ContactApp/Pods-ContactApp.debug.xcconfig"; sourceTree = "<group>"; };
		1E0FC9FDE5D90D8DA57DFC12 /* Pods-ContactAppTests.debug.xcconfig */ = {isa = PBXFileReference; includeInIndex = 1; lastKnownFileType = text.xcconfig; name = "Pods-ContactAppTests.debug.xcconfig"; path = "Target Support Files/Pods-ContactAppTests/Pods-ContactAppTests.debug.xcconfig"; sourceTree = "<group>"; };
		3ED35FE78CA49989F2DE61C8 /* Pods-ContactApp-ContactAppUITests.release.xcconfig */ = {isa = PBXFileReference; includeInIndex = 1; lastKnownFileType = text.xcconfig; name = "Pods-ContactApp-ContactAppUITests.release.xcconfig"; path = "Target Support Files/Pods-ContactApp-ContactAppUITests/Pods-ContactApp-ContactAppUITests.release.xcconfig"; sourceTree = "<group>"; };
		4A1DA30B4AC6DE62191F59A0 /* Pods-ContactApp-ContactAppUITests.debug.xcconfig */ = {isa = PBXFileReference; includeInIndex = 1; lastKnownFileType = text.xcconfig; name = "Pods-ContactApp-ContactAppUITests.debug.xcconfig"; path = "Target Support Files/Pods-ContactApp-ContactAppUITests/Pods-ContactApp-ContactAppUITests.debug.xcconfig"; sourceTree = "<group>"; };
		87CB289FA774EED56DF57988 /* Pods-ContactApp.release.xcconfig */ = {isa = PBXFileReference; includeInIndex = 1; lastKnownFileType = text.xcconfig; name = "Pods-ContactApp.release.xcconfig"; path = "Target Support Files/Pods-ContactApp/Pods-ContactApp.release.xcconfig"; sourceTree = "<group>"; };
		9B5034F211700DBF77723682 /* Pods_ContactApp.framework */ = {isa = PBXFileReference; explicitFileType = wrapper.framework; includeInIndex = 0; path = Pods_ContactApp.framework; sourceTree = BUILT_PRODUCTS_DIR; };
		B4721B76F5B834BDD8A01EA7 /* Pods-ContactAppTests.release.xcconfig */ = {isa = PBXFileReference; includeInIndex = 1; lastKnownFileType = text.xcconfig; name = "Pods-ContactAppTests.release.xcconfig"; path = "Target Support Files/Pods-ContactAppTests/Pods-ContactAppTests.release.xcconfig"; sourceTree = "<group>"; };
		BA133ED1292BCAFF00F54F05 /* ContactApp.app */ = {isa = PBXFileReference; explicitFileType = wrapper.application; includeInIndex = 0; path = ContactApp.app; sourceTree = BUILT_PRODUCTS_DIR; };
		BA133ED4292BCAFF00F54F05 /* AppDelegate.swift */ = {isa = PBXFileReference; lastKnownFileType = sourcecode.swift; path = AppDelegate.swift; sourceTree = "<group>"; };
		BA133ED6292BCB0000F54F05 /* SceneDelegate.swift */ = {isa = PBXFileReference; lastKnownFileType = sourcecode.swift; path = SceneDelegate.swift; sourceTree = "<group>"; };
		BA133ED8292BCB0000F54F05 /* ContactListViewController.swift */ = {isa = PBXFileReference; lastKnownFileType = sourcecode.swift; path = ContactListViewController.swift; sourceTree = "<group>"; };
		BA133EDD292BCB0500F54F05 /* Assets.xcassets */ = {isa = PBXFileReference; lastKnownFileType = folder.assetcatalog; path = Assets.xcassets; sourceTree = "<group>"; };
		BA133EE0292BCB0500F54F05 /* Base */ = {isa = PBXFileReference; lastKnownFileType = file.storyboard; name = Base; path = Base.lproj/LaunchScreen.storyboard; sourceTree = "<group>"; };
		BA133EE2292BCB0500F54F05 /* Info.plist */ = {isa = PBXFileReference; lastKnownFileType = text.plist.xml; path = Info.plist; sourceTree = "<group>"; };
		BA133EE7292BCB0600F54F05 /* ContactAppTests.xctest */ = {isa = PBXFileReference; explicitFileType = wrapper.cfbundle; includeInIndex = 0; path = ContactAppTests.xctest; sourceTree = BUILT_PRODUCTS_DIR; };
		BA133EEB292BCB0600F54F05 /* ContactAppTests.swift */ = {isa = PBXFileReference; lastKnownFileType = sourcecode.swift; path = ContactAppTests.swift; sourceTree = "<group>"; };
		BA133EF1292BCB0600F54F05 /* ContactAppUITests.xctest */ = {isa = PBXFileReference; explicitFileType = wrapper.cfbundle; includeInIndex = 0; path = ContactAppUITests.xctest; sourceTree = BUILT_PRODUCTS_DIR; };
		BA133EF5292BCB0600F54F05 /* ContactAppUITests.swift */ = {isa = PBXFileReference; lastKnownFileType = sourcecode.swift; path = ContactAppUITests.swift; sourceTree = "<group>"; };
		BA133EF7292BCB0600F54F05 /* ContactAppUITestsLaunchTests.swift */ = {isa = PBXFileReference; lastKnownFileType = sourcecode.swift; path = ContactAppUITestsLaunchTests.swift; sourceTree = "<group>"; };
		BA133F04292BCD5F00F54F05 /* TestData.swift */ = {isa = PBXFileReference; lastKnownFileType = sourcecode.swift; path = TestData.swift; sourceTree = "<group>"; };
		BA133F09292BD62800F54F05 /* Contact.swift */ = {isa = PBXFileReference; lastKnownFileType = sourcecode.swift; path = Contact.swift; sourceTree = "<group>"; };
		BA133F0C292C3F1B00F54F05 /* DatabaseService.swift */ = {isa = PBXFileReference; lastKnownFileType = sourcecode.swift; path = DatabaseService.swift; sourceTree = "<group>"; };
		BA133F0F292C413D00F54F05 /* ContactListViewModel.swift */ = {isa = PBXFileReference; lastKnownFileType = sourcecode.swift; path = ContactListViewModel.swift; sourceTree = "<group>"; };
		E23401CD0A7AB5CDB33313B4 /* Pods_ContactAppTests.framework */ = {isa = PBXFileReference; explicitFileType = wrapper.framework; includeInIndex = 0; path = Pods_ContactAppTests.framework; sourceTree = BUILT_PRODUCTS_DIR; };
		FD39F06FCA681CF6458081CD /* Pods_ContactApp_ContactAppUITests.framework */ = {isa = PBXFileReference; explicitFileType = wrapper.framework; includeInIndex = 0; path = Pods_ContactApp_ContactAppUITests.framework; sourceTree = BUILT_PRODUCTS_DIR; };
/* End PBXFileReference section */

/* Begin PBXFrameworksBuildPhase section */
		BA133ECE292BCAFF00F54F05 /* Frameworks */ = {
			isa = PBXFrameworksBuildPhase;
			buildActionMask = 2147483647;
			files = (
				3C4B0D22694A531E7726A03E /* Pods_ContactApp.framework in Frameworks */,
			);
			runOnlyForDeploymentPostprocessing = 0;
		};
		BA133EE4292BCB0600F54F05 /* Frameworks */ = {
			isa = PBXFrameworksBuildPhase;
			buildActionMask = 2147483647;
			files = (
				2C83A28FD96A4198C3A3FBEA /* Pods_ContactAppTests.framework in Frameworks */,
			);
			runOnlyForDeploymentPostprocessing = 0;
		};
		BA133EEE292BCB0600F54F05 /* Frameworks */ = {
			isa = PBXFrameworksBuildPhase;
			buildActionMask = 2147483647;
			files = (
				D5FBF004752E7E9EC4A9F531 /* Pods_ContactApp_ContactAppUITests.framework in Frameworks */,
			);
			runOnlyForDeploymentPostprocessing = 0;
		};
/* End PBXFrameworksBuildPhase section */

/* Begin PBXGroup section */
		54B96EBF4CE5F68E821A45EA /* Frameworks */ = {
			isa = PBXGroup;
			children = (
				9B5034F211700DBF77723682 /* Pods_ContactApp.framework */,
				FD39F06FCA681CF6458081CD /* Pods_ContactApp_ContactAppUITests.framework */,
				E23401CD0A7AB5CDB33313B4 /* Pods_ContactAppTests.framework */,
			);
			name = Frameworks;
			sourceTree = "<group>";
		};
		62BF17F7865F16C2F755F490 /* Pods */ = {
			isa = PBXGroup;
			children = (
				13AA8E9A5FDDE1A65208A9F5 /* Pods-ContactApp.debug.xcconfig */,
				87CB289FA774EED56DF57988 /* Pods-ContactApp.release.xcconfig */,
				4A1DA30B4AC6DE62191F59A0 /* Pods-ContactApp-ContactAppUITests.debug.xcconfig */,
				3ED35FE78CA49989F2DE61C8 /* Pods-ContactApp-ContactAppUITests.release.xcconfig */,
				1E0FC9FDE5D90D8DA57DFC12 /* Pods-ContactAppTests.debug.xcconfig */,
				B4721B76F5B834BDD8A01EA7 /* Pods-ContactAppTests.release.xcconfig */,
			);
			name = Pods;
			path = Pods;
			sourceTree = "<group>";
		};
		BA133EC8292BCAFF00F54F05 = {
			isa = PBXGroup;
			children = (
				BA133ED3292BCAFF00F54F05 /* ContactApp */,
				BA133EEA292BCB0600F54F05 /* ContactAppTests */,
				BA133EF4292BCB0600F54F05 /* ContactAppUITests */,
				BA133ED2292BCAFF00F54F05 /* Products */,
				62BF17F7865F16C2F755F490 /* Pods */,
				54B96EBF4CE5F68E821A45EA /* Frameworks */,
			);
			sourceTree = "<group>";
		};
		BA133ED2292BCAFF00F54F05 /* Products */ = {
			isa = PBXGroup;
			children = (
				BA133ED1292BCAFF00F54F05 /* ContactApp.app */,
				BA133EE7292BCB0600F54F05 /* ContactAppTests.xctest */,
				BA133EF1292BCB0600F54F05 /* ContactAppUITests.xctest */,
			);
			name = Products;
			sourceTree = "<group>";
		};
		BA133ED3292BCAFF00F54F05 /* ContactApp */ = {
			isa = PBXGroup;
			children = (
				BA133ED4292BCAFF00F54F05 /* AppDelegate.swift */,
				BA133ED6292BCB0000F54F05 /* SceneDelegate.swift */,
				BA133F08292BD24A00F54F05 /* ContactListModule */,
				BA133F07292BD23B00F54F05 /* Utilities */,
				BA133EDF292BCB0500F54F05 /* LaunchScreen.storyboard */,
				BA133EE2292BCB0500F54F05 /* Info.plist */,
				BA133F0C292C3F1B00F54F05 /* DatabaseService.swift */,
			);
			path = ContactApp;
			sourceTree = "<group>";
		};
		BA133EEA292BCB0600F54F05 /* ContactAppTests */ = {
			isa = PBXGroup;
			children = (
				BA133EEB292BCB0600F54F05 /* ContactAppTests.swift */,
			);
			path = ContactAppTests;
			sourceTree = "<group>";
		};
		BA133EF4292BCB0600F54F05 /* ContactAppUITests */ = {
			isa = PBXGroup;
			children = (
				BA133EF5292BCB0600F54F05 /* ContactAppUITests.swift */,
				BA133EF7292BCB0600F54F05 /* ContactAppUITestsLaunchTests.swift */,
			);
			path = ContactAppUITests;
			sourceTree = "<group>";
		};
		BA133F07292BD23B00F54F05 /* Utilities */ = {
			isa = PBXGroup;
			children = (
				BA133EDD292BCB0500F54F05 /* Assets.xcassets */,
				BA133F04292BCD5F00F54F05 /* TestData.swift */,
			);
			path = Utilities;
			sourceTree = "<group>";
		};
		BA133F08292BD24A00F54F05 /* ContactListModule */ = {
			isa = PBXGroup;
			children = (
				BA133ED8292BCB0000F54F05 /* ContactListViewController.swift */,
				BA133F09292BD62800F54F05 /* Contact.swift */,
				BA133F0F292C413D00F54F05 /* ContactListViewModel.swift */,
			);
			path = ContactListModule;
			sourceTree = "<group>";
		};
/* End PBXGroup section */

/* Begin PBXNativeTarget section */
		BA133ED0292BCAFF00F54F05 /* ContactApp */ = {
			isa = PBXNativeTarget;
			buildConfigurationList = BA133EFB292BCB0600F54F05 /* Build configuration list for PBXNativeTarget "ContactApp" */;
			buildPhases = (
				3CD5C073B142A15FDE4BD263 /* [CP] Check Pods Manifest.lock */,
				BA133ECD292BCAFF00F54F05 /* Sources */,
				BA133ECE292BCAFF00F54F05 /* Frameworks */,
				BA133ECF292BCAFF00F54F05 /* Resources */,
				A93A942FE530B8CDA2953D07 /* [CP] Embed Pods Frameworks */,
			);
			buildRules = (
			);
			dependencies = (
			);
			name = ContactApp;
			productName = ContactApp;
			productReference = BA133ED1292BCAFF00F54F05 /* ContactApp.app */;
			productType = "com.apple.product-type.application";
		};
		BA133EE6292BCB0600F54F05 /* ContactAppTests */ = {
			isa = PBXNativeTarget;
			buildConfigurationList = BA133EFE292BCB0600F54F05 /* Build configuration list for PBXNativeTarget "ContactAppTests" */;
			buildPhases = (
				4D6F86CC56445A66FBB83F87 /* [CP] Check Pods Manifest.lock */,
				BA133EE3292BCB0600F54F05 /* Sources */,
				BA133EE4292BCB0600F54F05 /* Frameworks */,
				BA133EE5292BCB0600F54F05 /* Resources */,
			);
			buildRules = (
			);
			dependencies = (
				BA133EE9292BCB0600F54F05 /* PBXTargetDependency */,
			);
			name = ContactAppTests;
			productName = ContactAppTests;
			productReference = BA133EE7292BCB0600F54F05 /* ContactAppTests.xctest */;
			productType = "com.apple.product-type.bundle.unit-test";
		};
		BA133EF0292BCB0600F54F05 /* ContactAppUITests */ = {
			isa = PBXNativeTarget;
			buildConfigurationList = BA133F01292BCB0600F54F05 /* Build configuration list for PBXNativeTarget "ContactAppUITests" */;
			buildPhases = (
				BD4032C3EC94F6250405C38C /* [CP] Check Pods Manifest.lock */,
				BA133EED292BCB0600F54F05 /* Sources */,
				BA133EEE292BCB0600F54F05 /* Frameworks */,
				BA133EEF292BCB0600F54F05 /* Resources */,
				84B1F76369C6428BC2A0CC4A /* [CP] Embed Pods Frameworks */,
			);
			buildRules = (
			);
			dependencies = (
				BA133EF3292BCB0600F54F05 /* PBXTargetDependency */,
			);
			name = ContactAppUITests;
			productName = ContactAppUITests;
			productReference = BA133EF1292BCB0600F54F05 /* ContactAppUITests.xctest */;
			productType = "com.apple.product-type.bundle.ui-testing";
		};
/* End PBXNativeTarget section */

/* Begin PBXProject section */
		BA133EC9292BCAFF00F54F05 /* Project object */ = {
			isa = PBXProject;
			attributes = {
				BuildIndependentTargetsInParallel = 1;
				LastSwiftUpdateCheck = 1410;
				LastUpgradeCheck = 1410;
				TargetAttributes = {
					BA133ED0292BCAFF00F54F05 = {
						CreatedOnToolsVersion = 14.1;
					};
					BA133EE6292BCB0600F54F05 = {
						CreatedOnToolsVersion = 14.1;
						TestTargetID = BA133ED0292BCAFF00F54F05;
					};
					BA133EF0292BCB0600F54F05 = {
						CreatedOnToolsVersion = 14.1;
						TestTargetID = BA133ED0292BCAFF00F54F05;
					};
				};
			};
			buildConfigurationList = BA133ECC292BCAFF00F54F05 /* Build configuration list for PBXProject "ContactApp" */;
			compatibilityVersion = "Xcode 14.0";
			developmentRegion = en;
			hasScannedForEncodings = 0;
			knownRegions = (
				en,
				Base,
			);
			mainGroup = BA133EC8292BCAFF00F54F05;
			productRefGroup = BA133ED2292BCAFF00F54F05 /* Products */;
			projectDirPath = "";
			projectRoot = "";
			targets = (
				BA133ED0292BCAFF00F54F05 /* ContactApp */,
				BA133EE6292BCB0600F54F05 /* ContactAppTests */,
				BA133EF0292BCB0600F54F05 /* ContactAppUITests */,
			);
		};
/* End PBXProject section */

/* Begin PBXResourcesBuildPhase section */
		BA133ECF292BCAFF00F54F05 /* Resources */ = {
			isa = PBXResourcesBuildPhase;
			buildActionMask = 2147483647;
			files = (
				BA133EE1292BCB0500F54F05 /* LaunchScreen.storyboard in Resources */,
				BA133EDE292BCB0500F54F05 /* Assets.xcassets in Resources */,
			);
			runOnlyForDeploymentPostprocessing = 0;
		};
		BA133EE5292BCB0600F54F05 /* Resources */ = {
			isa = PBXResourcesBuildPhase;
			buildActionMask = 2147483647;
			files = (
			);
			runOnlyForDeploymentPostprocessing = 0;
		};
		BA133EEF292BCB0600F54F05 /* Resources */ = {
			isa = PBXResourcesBuildPhase;
			buildActionMask = 2147483647;
			files = (
			);
			runOnlyForDeploymentPostprocessing = 0;
		};
/* End PBXResourcesBuildPhase section */

/* Begin PBXShellScriptBuildPhase section */
		3CD5C073B142A15FDE4BD263 /* [CP] Check Pods Manifest.lock */ = {
			isa = PBXShellScriptBuildPhase;
			buildActionMask = 2147483647;
			files = (
			);
			inputFileListPaths = (
			);
			inputPaths = (
				"${PODS_PODFILE_DIR_PATH}/Podfile.lock",
				"${PODS_ROOT}/Manifest.lock",
			);
			name = "[CP] Check Pods Manifest.lock";
			outputFileListPaths = (
			);
			outputPaths = (
				"$(DERIVED_FILE_DIR)/Pods-ContactApp-checkManifestLockResult.txt",
			);
			runOnlyForDeploymentPostprocessing = 0;
			shellPath = /bin/sh;
			shellScript = "diff \"${PODS_PODFILE_DIR_PATH}/Podfile.lock\" \"${PODS_ROOT}/Manifest.lock\" > /dev/null\nif [ $? != 0 ] ; then\n    # print error to STDERR\n    echo \"error: The sandbox is not in sync with the Podfile.lock. Run 'pod install' or update your CocoaPods installation.\" >&2\n    exit 1\nfi\n# This output is used by Xcode 'outputs' to avoid re-running this script phase.\necho \"SUCCESS\" > \"${SCRIPT_OUTPUT_FILE_0}\"\n";
			showEnvVarsInLog = 0;
		};
		4D6F86CC56445A66FBB83F87 /* [CP] Check Pods Manifest.lock */ = {
			isa = PBXShellScriptBuildPhase;
			buildActionMask = 2147483647;
			files = (
			);
			inputFileListPaths = (
			);
			inputPaths = (
				"${PODS_PODFILE_DIR_PATH}/Podfile.lock",
				"${PODS_ROOT}/Manifest.lock",
			);
			name = "[CP] Check Pods Manifest.lock";
			outputFileListPaths = (
			);
			outputPaths = (
				"$(DERIVED_FILE_DIR)/Pods-ContactAppTests-checkManifestLockResult.txt",
			);
			runOnlyForDeploymentPostprocessing = 0;
			shellPath = /bin/sh;
			shellScript = "diff \"${PODS_PODFILE_DIR_PATH}/Podfile.lock\" \"${PODS_ROOT}/Manifest.lock\" > /dev/null\nif [ $? != 0 ] ; then\n    # print error to STDERR\n    echo \"error: The sandbox is not in sync with the Podfile.lock. Run 'pod install' or update your CocoaPods installation.\" >&2\n    exit 1\nfi\n# This output is used by Xcode 'outputs' to avoid re-running this script phase.\necho \"SUCCESS\" > \"${SCRIPT_OUTPUT_FILE_0}\"\n";
			showEnvVarsInLog = 0;
		};
		84B1F76369C6428BC2A0CC4A /* [CP] Embed Pods Frameworks */ = {
			isa = PBXShellScriptBuildPhase;
			buildActionMask = 2147483647;
			files = (
			);
			inputFileListPaths = (
				"${PODS_ROOT}/Target Support Files/Pods-ContactApp-ContactAppUITests/Pods-ContactApp-ContactAppUITests-frameworks-${CONFIGURATION}-input-files.xcfilelist",
			);
			name = "[CP] Embed Pods Frameworks";
			outputFileListPaths = (
				"${PODS_ROOT}/Target Support Files/Pods-ContactApp-ContactAppUITests/Pods-ContactApp-ContactAppUITests-frameworks-${CONFIGURATION}-output-files.xcfilelist",
			);
			runOnlyForDeploymentPostprocessing = 0;
			shellPath = /bin/sh;
			shellScript = "\"${PODS_ROOT}/Target Support Files/Pods-ContactApp-ContactAppUITests/Pods-ContactApp-ContactAppUITests-frameworks.sh\"\n";
			showEnvVarsInLog = 0;
		};
		A93A942FE530B8CDA2953D07 /* [CP] Embed Pods Frameworks */ = {
			isa = PBXShellScriptBuildPhase;
			buildActionMask = 2147483647;
			files = (
			);
			inputFileListPaths = (
				"${PODS_ROOT}/Target Support Files/Pods-ContactApp/Pods-ContactApp-frameworks-${CONFIGURATION}-input-files.xcfilelist",
			);
			name = "[CP] Embed Pods Frameworks";
			outputFileListPaths = (
				"${PODS_ROOT}/Target Support Files/Pods-ContactApp/Pods-ContactApp-frameworks-${CONFIGURATION}-output-files.xcfilelist",
			);
			runOnlyForDeploymentPostprocessing = 0;
			shellPath = /bin/sh;
			shellScript = "\"${PODS_ROOT}/Target Support Files/Pods-ContactApp/Pods-ContactApp-frameworks.sh\"\n";
			showEnvVarsInLog = 0;
		};
		BD4032C3EC94F6250405C38C /* [CP] Check Pods Manifest.lock */ = {
			isa = PBXShellScriptBuildPhase;
			buildActionMask = 2147483647;
			files = (
			);
			inputFileListPaths = (
			);
			inputPaths = (
				"${PODS_PODFILE_DIR_PATH}/Podfile.lock",
				"${PODS_ROOT}/Manifest.lock",
			);
			name = "[CP] Check Pods Manifest.lock";
			outputFileListPaths = (
			);
			outputPaths = (
				"$(DERIVED_FILE_DIR)/Pods-ContactApp-ContactAppUITests-checkManifestLockResult.txt",
			);
			runOnlyForDeploymentPostprocessing = 0;
			shellPath = /bin/sh;
			shellScript = "diff \"${PODS_PODFILE_DIR_PATH}/Podfile.lock\" \"${PODS_ROOT}/Manifest.lock\" > /dev/null\nif [ $? != 0 ] ; then\n    # print error to STDERR\n    echo \"error: The sandbox is not in sync with the Podfile.lock. Run 'pod install' or update your CocoaPods installation.\" >&2\n    exit 1\nfi\n# This output is used by Xcode 'outputs' to avoid re-running this script phase.\necho \"SUCCESS\" > \"${SCRIPT_OUTPUT_FILE_0}\"\n";
			showEnvVarsInLog = 0;
		};
/* End PBXShellScriptBuildPhase section */

/* Begin PBXSourcesBuildPhase section */
		BA133ECD292BCAFF00F54F05 /* Sources */ = {
			isa = PBXSourcesBuildPhase;
			buildActionMask = 2147483647;
			files = (
				BA133F0D292C3F1B00F54F05 /* DatabaseService.swift in Sources */,
				BA133ED9292BCB0000F54F05 /* ContactListViewController.swift in Sources */,
				BA133ED5292BCAFF00F54F05 /* AppDelegate.swift in Sources */,
				BA133F0A292BD62900F54F05 /* Contact.swift in Sources */,
				BA133ED7292BCB0000F54F05 /* SceneDelegate.swift in Sources */,
				BA133F10292C413D00F54F05 /* ContactListViewModel.swift in Sources */,
				BA133F05292BCD5F00F54F05 /* TestData.swift in Sources */,
			);
			runOnlyForDeploymentPostprocessing = 0;
		};
		BA133EE3292BCB0600F54F05 /* Sources */ = {
			isa = PBXSourcesBuildPhase;
			buildActionMask = 2147483647;
			files = (
				BA133F11292C413D00F54F05 /* ContactListViewModel.swift in Sources */,
				BA133F0B292BD62900F54F05 /* Contact.swift in Sources */,
				BA133EEC292BCB0600F54F05 /* ContactAppTests.swift in Sources */,
				BA133F0E292C3F1C00F54F05 /* DatabaseService.swift in Sources */,
				BA133F06292BCD5F00F54F05 /* TestData.swift in Sources */,
			);
			runOnlyForDeploymentPostprocessing = 0;
		};
		BA133EED292BCB0600F54F05 /* Sources */ = {
			isa = PBXSourcesBuildPhase;
			buildActionMask = 2147483647;
			files = (
				BA133EF6292BCB0600F54F05 /* ContactAppUITests.swift in Sources */,
				BA133EF8292BCB0600F54F05 /* ContactAppUITestsLaunchTests.swift in Sources */,
			);
			runOnlyForDeploymentPostprocessing = 0;
		};
/* End PBXSourcesBuildPhase section */

/* Begin PBXTargetDependency section */
		BA133EE9292BCB0600F54F05 /* PBXTargetDependency */ = {
			isa = PBXTargetDependency;
			target = BA133ED0292BCAFF00F54F05 /* ContactApp */;
			targetProxy = BA133EE8292BCB0600F54F05 /* PBXContainerItemProxy */;
		};
		BA133EF3292BCB0600F54F05 /* PBXTargetDependency */ = {
			isa = PBXTargetDependency;
			target = BA133ED0292BCAFF00F54F05 /* ContactApp */;
			targetProxy = BA133EF2292BCB0600F54F05 /* PBXContainerItemProxy */;
		};
/* End PBXTargetDependency section */

/* Begin PBXVariantGroup section */
		BA133EDF292BCB0500F54F05 /* LaunchScreen.storyboard */ = {
			isa = PBXVariantGroup;
			children = (
				BA133EE0292BCB0500F54F05 /* Base */,
			);
			name = LaunchScreen.storyboard;
			sourceTree = "<group>";
		};
/* End PBXVariantGroup section */

/* Begin XCBuildConfiguration section */
		BA133EF9292BCB0600F54F05 /* Debug */ = {
			isa = XCBuildConfiguration;
			buildSettings = {
				ALWAYS_SEARCH_USER_PATHS = NO;
				CLANG_ANALYZER_NONNULL = YES;
				CLANG_ANALYZER_NUMBER_OBJECT_CONVERSION = YES_AGGRESSIVE;
				CLANG_CXX_LANGUAGE_STANDARD = "gnu++20";
				CLANG_ENABLE_MODULES = YES;
				CLANG_ENABLE_OBJC_ARC = YES;
				CLANG_ENABLE_OBJC_WEAK = YES;
				CLANG_WARN_BLOCK_CAPTURE_AUTORELEASING = YES;
				CLANG_WARN_BOOL_CONVERSION = YES;
				CLANG_WARN_COMMA = YES;
				CLANG_WARN_CONSTANT_CONVERSION = YES;
				CLANG_WARN_DEPRECATED_OBJC_IMPLEMENTATIONS = YES;
				CLANG_WARN_DIRECT_OBJC_ISA_USAGE = YES_ERROR;
				CLANG_WARN_DOCUMENTATION_COMMENTS = YES;
				CLANG_WARN_EMPTY_BODY = YES;
				CLANG_WARN_ENUM_CONVERSION = YES;
				CLANG_WARN_INFINITE_RECURSION = YES;
				CLANG_WARN_INT_CONVERSION = YES;
				CLANG_WARN_NON_LITERAL_NULL_CONVERSION = YES;
				CLANG_WARN_OBJC_IMPLICIT_RETAIN_SELF = YES;
				CLANG_WARN_OBJC_LITERAL_CONVERSION = YES;
				CLANG_WARN_OBJC_ROOT_CLASS = YES_ERROR;
				CLANG_WARN_QUOTED_INCLUDE_IN_FRAMEWORK_HEADER = YES;
				CLANG_WARN_RANGE_LOOP_ANALYSIS = YES;
				CLANG_WARN_STRICT_PROTOTYPES = YES;
				CLANG_WARN_SUSPICIOUS_MOVE = YES;
				CLANG_WARN_UNGUARDED_AVAILABILITY = YES_AGGRESSIVE;
				CLANG_WARN_UNREACHABLE_CODE = YES;
				CLANG_WARN__DUPLICATE_METHOD_MATCH = YES;
				COPY_PHASE_STRIP = NO;
				DEBUG_INFORMATION_FORMAT = dwarf;
				ENABLE_STRICT_OBJC_MSGSEND = YES;
				ENABLE_TESTABILITY = YES;
				GCC_C_LANGUAGE_STANDARD = gnu11;
				GCC_DYNAMIC_NO_PIC = NO;
				GCC_NO_COMMON_BLOCKS = YES;
				GCC_OPTIMIZATION_LEVEL = 0;
				GCC_PREPROCESSOR_DEFINITIONS = (
					"DEBUG=1",
					"$(inherited)",
				);
				GCC_WARN_64_TO_32_BIT_CONVERSION = YES;
				GCC_WARN_ABOUT_RETURN_TYPE = YES_ERROR;
				GCC_WARN_UNDECLARED_SELECTOR = YES;
				GCC_WARN_UNINITIALIZED_AUTOS = YES_AGGRESSIVE;
				GCC_WARN_UNUSED_FUNCTION = YES;
				GCC_WARN_UNUSED_VARIABLE = YES;
				IPHONEOS_DEPLOYMENT_TARGET = 16.1;
				MTL_ENABLE_DEBUG_INFO = INCLUDE_SOURCE;
				MTL_FAST_MATH = YES;
				ONLY_ACTIVE_ARCH = YES;
				SDKROOT = iphoneos;
				SWIFT_ACTIVE_COMPILATION_CONDITIONS = DEBUG;
				SWIFT_OPTIMIZATION_LEVEL = "-Onone";
			};
			name = Debug;
		};
		BA133EFA292BCB0600F54F05 /* Release */ = {
			isa = XCBuildConfiguration;
			buildSettings = {
				ALWAYS_SEARCH_USER_PATHS = NO;
				CLANG_ANALYZER_NONNULL = YES;
				CLANG_ANALYZER_NUMBER_OBJECT_CONVERSION = YES_AGGRESSIVE;
				CLANG_CXX_LANGUAGE_STANDARD = "gnu++20";
				CLANG_ENABLE_MODULES = YES;
				CLANG_ENABLE_OBJC_ARC = YES;
				CLANG_ENABLE_OBJC_WEAK = YES;
				CLANG_WARN_BLOCK_CAPTURE_AUTORELEASING = YES;
				CLANG_WARN_BOOL_CONVERSION = YES;
				CLANG_WARN_COMMA = YES;
				CLANG_WARN_CONSTANT_CONVERSION = YES;
				CLANG_WARN_DEPRECATED_OBJC_IMPLEMENTATIONS = YES;
				CLANG_WARN_DIRECT_OBJC_ISA_USAGE = YES_ERROR;
				CLANG_WARN_DOCUMENTATION_COMMENTS = YES;
				CLANG_WARN_EMPTY_BODY = YES;
				CLANG_WARN_ENUM_CONVERSION = YES;
				CLANG_WARN_INFINITE_RECURSION = YES;
				CLANG_WARN_INT_CONVERSION = YES;
				CLANG_WARN_NON_LITERAL_NULL_CONVERSION = YES;
				CLANG_WARN_OBJC_IMPLICIT_RETAIN_SELF = YES;
				CLANG_WARN_OBJC_LITERAL_CONVERSION = YES;
				CLANG_WARN_OBJC_ROOT_CLASS = YES_ERROR;
				CLANG_WARN_QUOTED_INCLUDE_IN_FRAMEWORK_HEADER = YES;
				CLANG_WARN_RANGE_LOOP_ANALYSIS = YES;
				CLANG_WARN_STRICT_PROTOTYPES = YES;
				CLANG_WARN_SUSPICIOUS_MOVE = YES;
				CLANG_WARN_UNGUARDED_AVAILABILITY = YES_AGGRESSIVE;
				CLANG_WARN_UNREACHABLE_CODE = YES;
				CLANG_WARN__DUPLICATE_METHOD_MATCH = YES;
				COPY_PHASE_STRIP = NO;
				DEBUG_INFORMATION_FORMAT = "dwarf-with-dsym";
				ENABLE_NS_ASSERTIONS = NO;
				ENABLE_STRICT_OBJC_MSGSEND = YES;
				GCC_C_LANGUAGE_STANDARD = gnu11;
				GCC_NO_COMMON_BLOCKS = YES;
				GCC_WARN_64_TO_32_BIT_CONVERSION = YES;
				GCC_WARN_ABOUT_RETURN_TYPE = YES_ERROR;
				GCC_WARN_UNDECLARED_SELECTOR = YES;
				GCC_WARN_UNINITIALIZED_AUTOS = YES_AGGRESSIVE;
				GCC_WARN_UNUSED_FUNCTION = YES;
				GCC_WARN_UNUSED_VARIABLE = YES;
				IPHONEOS_DEPLOYMENT_TARGET = 16.1;
				MTL_ENABLE_DEBUG_INFO = NO;
				MTL_FAST_MATH = YES;
				SDKROOT = iphoneos;
				SWIFT_COMPILATION_MODE = wholemodule;
				SWIFT_OPTIMIZATION_LEVEL = "-O";
				VALIDATE_PRODUCT = YES;
			};
			name = Release;
		};
		BA133EFC292BCB0600F54F05 /* Debug */ = {
			isa = XCBuildConfiguration;
			baseConfigurationReference = 13AA8E9A5FDDE1A65208A9F5 /* Pods-ContactApp.debug.xcconfig */;
			buildSettings = {
				ASSETCATALOG_COMPILER_APPICON_NAME = AppIcon;
				ASSETCATALOG_COMPILER_GLOBAL_ACCENT_COLOR_NAME = AccentColor;
				CODE_SIGN_STYLE = Automatic;
				CURRENT_PROJECT_VERSION = 1;
				DEVELOPMENT_TEAM = XUN95V9WDZ;
				GENERATE_INFOPLIST_FILE = YES;
				INFOPLIST_FILE = ContactApp/Info.plist;
				INFOPLIST_KEY_UIApplicationSupportsIndirectInputEvents = YES;
				INFOPLIST_KEY_UILaunchStoryboardName = LaunchScreen;
				INFOPLIST_KEY_UISupportedInterfaceOrientations = UIInterfaceOrientationPortrait;
				INFOPLIST_KEY_UISupportedInterfaceOrientations_iPad = "UIInterfaceOrientationLandscapeLeft UIInterfaceOrientationLandscapeRight UIInterfaceOrientationPortrait UIInterfaceOrientationPortraitUpsideDown";
				IPHONEOS_DEPLOYMENT_TARGET = 15.0;
				LD_RUNPATH_SEARCH_PATHS = (
					"$(inherited)",
					"@executable_path/Frameworks",
				);
				MARKETING_VERSION = 1.0;
				PRODUCT_BUNDLE_IDENTIFIER = kemuel.ContactApp;
				PRODUCT_NAME = "$(TARGET_NAME)";
				SUPPORTED_PLATFORMS = "iphoneos iphonesimulator";
				SUPPORTS_MACCATALYST = NO;
				SUPPORTS_MAC_DESIGNED_FOR_IPHONE_IPAD = NO;
				SWIFT_EMIT_LOC_STRINGS = YES;
				SWIFT_VERSION = 5.0;
				TARGETED_DEVICE_FAMILY = 1;
			};
			name = Debug;
		};
		BA133EFD292BCB0600F54F05 /* Release */ = {
			isa = XCBuildConfiguration;
			baseConfigurationReference = 87CB289FA774EED56DF57988 /* Pods-ContactApp.release.xcconfig */;
			buildSettings = {
				ASSETCATALOG_COMPILER_APPICON_NAME = AppIcon;
				ASSETCATALOG_COMPILER_GLOBAL_ACCENT_COLOR_NAME = AccentColor;
				CODE_SIGN_STYLE = Automatic;
				CURRENT_PROJECT_VERSION = 1;
				DEVELOPMENT_TEAM = XUN95V9WDZ;
				GENERATE_INFOPLIST_FILE = YES;
				INFOPLIST_FILE = ContactApp/Info.plist;
				INFOPLIST_KEY_UIApplicationSupportsIndirectInputEvents = YES;
				INFOPLIST_KEY_UILaunchStoryboardName = LaunchScreen;
				INFOPLIST_KEY_UISupportedInterfaceOrientations = UIInterfaceOrientationPortrait;
				INFOPLIST_KEY_UISupportedInterfaceOrientations_iPad = "UIInterfaceOrientationLandscapeLeft UIInterfaceOrientationLandscapeRight UIInterfaceOrientationPortrait UIInterfaceOrientationPortraitUpsideDown";
				IPHONEOS_DEPLOYMENT_TARGET = 15.0;
				LD_RUNPATH_SEARCH_PATHS = (
					"$(inherited)",
					"@executable_path/Frameworks",
				);
				MARKETING_VERSION = 1.0;
				PRODUCT_BUNDLE_IDENTIFIER = kemuel.ContactApp;
				PRODUCT_NAME = "$(TARGET_NAME)";
				SUPPORTED_PLATFORMS = "iphoneos iphonesimulator";
				SUPPORTS_MACCATALYST = NO;
				SUPPORTS_MAC_DESIGNED_FOR_IPHONE_IPAD = NO;
				SWIFT_EMIT_LOC_STRINGS = YES;
				SWIFT_VERSION = 5.0;
				TARGETED_DEVICE_FAMILY = 1;
			};
			name = Release;
		};
		BA133EFF292BCB0600F54F05 /* Debug */ = {
			isa = XCBuildConfiguration;
			baseConfigurationReference = 1E0FC9FDE5D90D8DA57DFC12 /* Pods-ContactAppTests.debug.xcconfig */;
			buildSettings = {
				ALWAYS_EMBED_SWIFT_STANDARD_LIBRARIES = YES;
				BUNDLE_LOADER = "$(TEST_HOST)";
				CODE_SIGN_STYLE = Automatic;
				CURRENT_PROJECT_VERSION = 1;
				DEVELOPMENT_TEAM = XUN95V9WDZ;
				GENERATE_INFOPLIST_FILE = YES;
				IPHONEOS_DEPLOYMENT_TARGET = 16.1;
				MARKETING_VERSION = 1.0;
				PRODUCT_BUNDLE_IDENTIFIER = kemuel.ContactAppTests;
				PRODUCT_NAME = "$(TARGET_NAME)";
				SWIFT_EMIT_LOC_STRINGS = NO;
				SWIFT_VERSION = 5.0;
				TARGETED_DEVICE_FAMILY = "1,2";
				TEST_HOST = "$(BUILT_PRODUCTS_DIR)/ContactApp.app/$(BUNDLE_EXECUTABLE_FOLDER_PATH)/ContactApp";
			};
			name = Debug;
		};
		BA133F00292BCB0600F54F05 /* Release */ = {
			isa = XCBuildConfiguration;
			baseConfigurationReference = B4721B76F5B834BDD8A01EA7 /* Pods-ContactAppTests.release.xcconfig */;
			buildSettings = {
				ALWAYS_EMBED_SWIFT_STANDARD_LIBRARIES = YES;
				BUNDLE_LOADER = "$(TEST_HOST)";
				CODE_SIGN_STYLE = Automatic;
				CURRENT_PROJECT_VERSION = 1;
				DEVELOPMENT_TEAM = XUN95V9WDZ;
				GENERATE_INFOPLIST_FILE = YES;
				IPHONEOS_DEPLOYMENT_TARGET = 16.1;
				MARKETING_VERSION = 1.0;
				PRODUCT_BUNDLE_IDENTIFIER = kemuel.ContactAppTests;
				PRODUCT_NAME = "$(TARGET_NAME)";
				SWIFT_EMIT_LOC_STRINGS = NO;
				SWIFT_VERSION = 5.0;
				TARGETED_DEVICE_FAMILY = "1,2";
				TEST_HOST = "$(BUILT_PRODUCTS_DIR)/ContactApp.app/$(BUNDLE_EXECUTABLE_FOLDER_PATH)/ContactApp";
			};
			name = Release;
		};
		BA133F02292BCB0600F54F05 /* Debug */ = {
			isa = XCBuildConfiguration;
			baseConfigurationReference = 4A1DA30B4AC6DE62191F59A0 /* Pods-ContactApp-ContactAppUITests.debug.xcconfig */;
			buildSettings = {
				ALWAYS_EMBED_SWIFT_STANDARD_LIBRARIES = YES;
				CODE_SIGN_STYLE = Automatic;
				CURRENT_PROJECT_VERSION = 1;
				DEVELOPMENT_TEAM = XUN95V9WDZ;
				GENERATE_INFOPLIST_FILE = YES;
				MARKETING_VERSION = 1.0;
				PRODUCT_BUNDLE_IDENTIFIER = kemuel.ContactAppUITests;
				PRODUCT_NAME = "$(TARGET_NAME)";
				SWIFT_EMIT_LOC_STRINGS = NO;
				SWIFT_VERSION = 5.0;
				TARGETED_DEVICE_FAMILY = "1,2";
				TEST_TARGET_NAME = ContactApp;
			};
			name = Debug;
		};
		BA133F03292BCB0600F54F05 /* Release */ = {
			isa = XCBuildConfiguration;
			baseConfigurationReference = 3ED35FE78CA49989F2DE61C8 /* Pods-ContactApp-ContactAppUITests.release.xcconfig */;
			buildSettings = {
				ALWAYS_EMBED_SWIFT_STANDARD_LIBRARIES = YES;
				CODE_SIGN_STYLE = Automatic;
				CURRENT_PROJECT_VERSION = 1;
				DEVELOPMENT_TEAM = XUN95V9WDZ;
				GENERATE_INFOPLIST_FILE = YES;
				MARKETING_VERSION = 1.0;
				PRODUCT_BUNDLE_IDENTIFIER = kemuel.ContactAppUITests;
				PRODUCT_NAME = "$(TARGET_NAME)";
				SWIFT_EMIT_LOC_STRINGS = NO;
				SWIFT_VERSION = 5.0;
				TARGETED_DEVICE_FAMILY = "1,2";
				TEST_TARGET_NAME = ContactApp;
			};
			name = Release;
		};
/* End XCBuildConfiguration section */

/* Begin XCConfigurationList section */
		BA133ECC292BCAFF00F54F05 /* Build configuration list for PBXProject "ContactApp" */ = {
			isa = XCConfigurationList;
			buildConfigurations = (
				BA133EF9292BCB0600F54F05 /* Debug */,
				BA133EFA292BCB0600F54F05 /* Release */,
			);
			defaultConfigurationIsVisible = 0;
			defaultConfigurationName = Release;
		};
		BA133EFB292BCB0600F54F05 /* Build configuration list for PBXNativeTarget "ContactApp" */ = {
			isa = XCConfigurationList;
			buildConfigurations = (
				BA133EFC292BCB0600F54F05 /* Debug */,
				BA133EFD292BCB0600F54F05 /* Release */,
			);
			defaultConfigurationIsVisible = 0;
			defaultConfigurationName = Release;
		};
		BA133EFE292BCB0600F54F05 /* Build configuration list for PBXNativeTarget "ContactAppTests" */ = {
			isa = XCConfigurationList;
			buildConfigurations = (
				BA133EFF292BCB0600F54F05 /* Debug */,
				BA133F00292BCB0600F54F05 /* Release */,
			);
			defaultConfigurationIsVisible = 0;
			defaultConfigurationName = Release;
		};
		BA133F01292BCB0600F54F05 /* Build configuration list for PBXNativeTarget "ContactAppUITests" */ = {
			isa = XCConfigurationList;
			buildConfigurations = (
				BA133F02292BCB0600F54F05 /* Debug */,
				BA133F03292BCB0600F54F05 /* Release */,
			);
			defaultConfigurationIsVisible = 0;
			defaultConfigurationName = Release;
		};
/* End XCConfigurationList section */
	};
	rootObject = BA133EC9292BCAFF00F54F05 /* Project object */;
}
